
Microsoft Visual Studio Solution File, Format Version 12.00
# Visual Studio 15
VisualStudioVersion = 15.0.26124.0
MinimumVisualStudioVersion = 15.0.26124.0
Project("{FAE04EC0-301F-11D3-BF4B-00C04F79EFBC}") = "Domain", "Domain\Domain.csproj", "{7A8BD5D8-F2DE-4F20-B3C2-8241F6D705D2}"
EndProject
Project("{FAE04EC0-301F-11D3-BF4B-00C04F79EFBC}") = "Application", "Application\Application.csproj", "{E8E2F4AD-B828-46F9-BED3-C9080DCFB8BE}"
EndProject
Project("{FAE04EC0-301F-11D3-BF4B-00C04F79EFBC}") = "Persistance", "Persistance\Persistance.csproj", "{63C4C8BA-9243-4EAC-8663-0A765531032F}"
EndProject
Project("{FAE04EC0-301F-11D3-BF4B-00C04F79EFBC}") = "API", "API\API.csproj", "{16BCBF2E-6CA2-4DD5-AB90-3DFA749B9BF8}"
EndProject
Global
	GlobalSection(SolutionConfigurationPlatforms) = preSolution
		Debug|Any CPU = Debug|Any CPU
		Debug|x64 = Debug|x64
		Debug|x86 = Debug|x86
		Release|Any CPU = Release|Any CPU
		Release|x64 = Release|x64
		Release|x86 = Release|x86
	EndGlobalSection
	GlobalSection(SolutionProperties) = preSolution
		HideSolutionNode = FALSE
	EndGlobalSection
	GlobalSection(ProjectConfigurationPlatforms) = postSolution
		{7A8BD5D8-F2DE-4F20-B3C2-8241F6D705D2}.Debug|Any CPU.ActiveCfg = Debug|Any CPU
		{7A8BD5D8-F2DE-4F20-B3C2-8241F6D705D2}.Debug|Any CPU.Build.0 = Debug|Any CPU
		{7A8BD5D8-F2DE-4F20-B3C2-8241F6D705D2}.Debug|x64.ActiveCfg = Debug|Any CPU
		{7A8BD5D8-F2DE-4F20-B3C2-8241F6D705D2}.Debug|x64.Build.0 = Debug|Any CPU
		{7A8BD5D8-F2DE-4F20-B3C2-8241F6D705D2}.Debug|x86.ActiveCfg = Debug|Any CPU
		{7A8BD5D8-F2DE-4F20-B3C2-8241F6D705D2}.Debug|x86.Build.0 = Debug|Any CPU
		{7A8BD5D8-F2DE-4F20-B3C2-8241F6D705D2}.Release|Any CPU.ActiveCfg = Release|Any CPU
		{7A8BD5D8-F2DE-4F20-B3C2-8241F6D705D2}.Release|Any CPU.Build.0 = Release|Any CPU
		{7A8BD5D8-F2DE-4F20-B3C2-8241F6D705D2}.Release|x64.ActiveCfg = Release|Any CPU
		{7A8BD5D8-F2DE-4F20-B3C2-8241F6D705D2}.Release|x64.Build.0 = Release|Any CPU
		{7A8BD5D8-F2DE-4F20-B3C2-8241F6D705D2}.Release|x86.ActiveCfg = Release|Any CPU
		{7A8BD5D8-F2DE-4F20-B3C2-8241F6D705D2}.Release|x86.Build.0 = Release|Any CPU
		{E8E2F4AD-B828-46F9-BED3-C9080DCFB8BE}.Debug|Any CPU.ActiveCfg = Debug|Any CPU
		{E8E2F4AD-B828-46F9-BED3-C9080DCFB8BE}.Debug|Any CPU.Build.0 = Debug|Any CPU
		{E8E2F4AD-B828-46F9-BED3-C9080DCFB8BE}.Debug|x64.ActiveCfg = Debug|Any CPU
		{E8E2F4AD-B828-46F9-BED3-C9080DCFB8BE}.Debug|x64.Build.0 = Debug|Any CPU
		{E8E2F4AD-B828-46F9-BED3-C9080DCFB8BE}.Debug|x86.ActiveCfg = Debug|Any CPU
		{E8E2F4AD-B828-46F9-BED3-C9080DCFB8BE}.Debug|x86.Build.0 = Debug|Any CPU
		{E8E2F4AD-B828-46F9-BED3-C9080DCFB8BE}.Release|Any CPU.ActiveCfg = Release|Any CPU
		{E8E2F4AD-B828-46F9-BED3-C9080DCFB8BE}.Release|Any CPU.Build.0 = Release|Any CPU
		{E8E2F4AD-B828-46F9-BED3-C9080DCFB8BE}.Release|x64.ActiveCfg = Release|Any CPU
		{E8E2F4AD-B828-46F9-BED3-C9080DCFB8BE}.Release|x64.Build.0 = Release|Any CPU
		{E8E2F4AD-B828-46F9-BED3-C9080DCFB8BE}.Release|x86.ActiveCfg = Release|Any CPU
		{E8E2F4AD-B828-46F9-BED3-C9080DCFB8BE}.Release|x86.Build.0 = Release|Any CPU
		{63C4C8BA-9243-4EAC-8663-0A765531032F}.Debug|Any CPU.ActiveCfg = Debug|Any CPU
		{63C4C8BA-9243-4EAC-8663-0A765531032F}.Debug|Any CPU.Build.0 = Debug|Any CPU
		{63C4C8BA-9243-4EAC-8663-0A765531032F}.Debug|x64.ActiveCfg = Debug|Any CPU
		{63C4C8BA-9243-4EAC-8663-0A765531032F}.Debug|x64.Build.0 = Debug|Any CPU
		{63C4C8BA-9243-4EAC-8663-0A765531032F}.Debug|x86.ActiveCfg = Debug|Any CPU
		{63C4C8BA-9243-4EAC-8663-0A765531032F}.Debug|x86.Build.0 = Debug|Any CPU
		{63C4C8BA-9243-4EAC-8663-0A765531032F}.Release|Any CPU.ActiveCfg = Release|Any CPU
		{63C4C8BA-9243-4EAC-8663-0A765531032F}.Release|Any CPU.Build.0 = Release|Any CPU
		{63C4C8BA-9243-4EAC-8663-0A765531032F}.Release|x64.ActiveCfg = Release|Any CPU
		{63C4C8BA-9243-4EAC-8663-0A765531032F}.Release|x64.Build.0 = Release|Any CPU
		{63C4C8BA-9243-4EAC-8663-0A765531032F}.Release|x86.ActiveCfg = Release|Any CPU
		{63C4C8BA-9243-4EAC-8663-0A765531032F}.Release|x86.Build.0 = Release|Any CPU
		{16BCBF2E-6CA2-4DD5-AB90-3DFA749B9BF8}.Debug|Any CPU.ActiveCfg = Debug|Any CPU
		{16BCBF2E-6CA2-4DD5-AB90-3DFA749B9BF8}.Debug|Any CPU.Build.0 = Debug|Any CPU
		{16BCBF2E-6CA2-4DD5-AB90-3DFA749B9BF8}.Debug|x64.ActiveCfg = Debug|Any CPU
		{16BCBF2E-6CA2-4DD5-AB90-3DFA749B9BF8}.Debug|x64.Build.0 = Debug|Any CPU
		{16BCBF2E-6CA2-4DD5-AB90-3DFA749B9BF8}.Debug|x86.ActiveCfg = Debug|Any CPU
		{16BCBF2E-6CA2-4DD5-AB90-3DFA749B9BF8}.Debug|x86.Build.0 = Debug|Any CPU
		{16BCBF2E-6CA2-4DD5-AB90-3DFA749B9BF8}.Release|Any CPU.ActiveCfg = Release|Any CPU
		{16BCBF2E-6CA2-4DD5-AB90-3DFA749B9BF8}.Release|Any CPU.Build.0 = Release|Any CPU
		{16BCBF2E-6CA2-4DD5-AB90-3DFA749B9BF8}.Release|x64.ActiveCfg = Release|Any CPU
		{16BCBF2E-6CA2-4DD5-AB90-3DFA749B9BF8}.Release|x64.Build.0 = Release|Any CPU
		{16BCBF2E-6CA2-4DD5-AB90-3DFA749B9BF8}.Release|x86.ActiveCfg = Release|Any CPU
		{16BCBF2E-6CA2-4DD5-AB90-3DFA749B9BF8}.Release|x86.Build.0 = Release|Any CPU
	EndGlobalSection
EndGlobal
